{
    "_readme": [
        "This file locks the dependencies of your project to a known state",
        "Read more about it at http://getcomposer.org/doc/01-basic-usage.md#composer-lock-the-lock-file"
    ],
    "hash": "ad9fa827949b11158b33ac50a175025b",
    "packages": [
        {
            "name": "hathoora/hathoora",
            "version": "dev-master",
            "source": {
                "type": "git",
                "url": "https://github.com/attozk/hathoora.git",
                "reference": "abc550b906b917326ef9d4e76fb394fd26b65a8f"
            },
            "dist": {
                "type": "zip",
                "url": "https://api.github.com/repos/attozk/hathoora/zipball/abc550b906b917326ef9d4e76fb394fd26b65a8f",
                "reference": "abc550b906b917326ef9d4e76fb394fd26b65a8f",
                "shasum": ""
            },
            "require": {
                "php": ">=5.3.0"
            },
            "type": "library",
            "autoload": {
                "psr-0": {
                    "Hathoora": "src"
                }
            },
            "notification-url": "https://packagist.org/downloads/",
            "license": [
                "MIT"
            ],
            "authors": [
                {
                    "name": "Usman Malik",
                    "email": "attozk@khat.pk",
                    "homepage": "http://attozk.mine.pk"
                }
            ],
            "description": "The Hathoora Framework",
            "homepage": "http://root.pk/hathoora",
            "keywords": [
                "framework"
            ],
            "time": "2013-08-18 01:52:11"
        }
    ],
    "packages-dev": [

    ],
    "aliases": [

    ],
    "minimum-stability": "stable",
    "stability-flags": {
        "hathoora/hathoora": 20
    },
    "platform": [

    ],
    "platform-dev": [

    ]
}
