{
    "_readme": [
        "This file locks the dependencies of your project to a known state",
        "Read more about it at http://getcomposer.org/doc/01-basic-usage.md#composer-lock-the-lock-file"
    ],
    "hash": "86651cf6641a572cbadd71b0d4bd9b76",
    "packages": [
        {
            "name": "hathoora/core",
            "version": "dev-master",
            "source": {
                "type": "git",
                "url": "https://github.com/attozk/hathoora-core.git",
                "reference": "2ac2b995443cc6077baaaa1a20bd364a2be5da11"
            },
            "dist": {
                "type": "zip",
                "url": "https://api.github.com/repos/attozk/hathoora-core/zipball/2ac2b995443cc6077baaaa1a20bd364a2be5da11",
                "reference": "2ac2b995443cc6077baaaa1a20bd364a2be5da11",
                "shasum": ""
            },
            "require": {
                "php": ">=5.3.0"
            },
            "type": "library",
            "autoload": {
                "psr-0": {
                    "hathoora": "src/"
                }
            },
            "notification-url": "https://packagist.org/downloads/",
            "license": [
                "MIT"
            ],
            "authors": [
                {
                    "name": "Usman Malik",
                    "email": "attozk@khat.pk",
                    "homepage": "http://attozk.mine.pk"
                }
            ],
            "description": "The Hathoora Framework",
            "homepage": "http://hathoora.root.pk",
            "keywords": [
                "framework"
            ],
            "time": "2013-08-18 03:47:53"
        }
    ],
    "packages-dev": [

    ],
    "aliases": [

    ],
    "minimum-stability": "stable",
    "stability-flags": {
        "hathoora/core": 20
    },
    "platform": [

    ],
    "platform-dev": [

    ]
}
